
Microsoft Visual Studio Solution File, Format Version 12.00
# Visual Studio Version 17
VisualStudioVersion = 17.8.34511.84
MinimumVisualStudioVersion = 10.0.40219.1
Project("{9A19103F-16F7-4668-BE54-9A1E7A4F7556}") = "CRM.API", "CRM.API\CRM.API.csproj", "{FCDDB66A-38D0-4E0B-A0B8-FA3B9B0125E1}"
EndProject
Project("{9A19103F-16F7-4668-BE54-9A1E7A4F7556}") = "CRM.DTOs", "CRM.DTOs\CRM.DTOs.csproj", "{37C3FDAA-3915-4EB0-AE5A-759685FA497B}"
EndProject
Project("{9A19103F-16F7-4668-BE54-9A1E7A4F7556}") = "CRM.AppWebMVC", "CRM.AppWebMVC\CRM.AppWebMVC.csproj", "{5F0E42E5-6B38-4631-B716-AC8C854506CC}"
EndProject
Project("{9A19103F-16F7-4668-BE54-9A1E7A4F7556}") = "CRM.AppWebBlazor", "CRM.AppWebBlazor\CRM.AppWebBlazor.csproj", "{BD26A5CF-D59B-4937-B8CC-84AB71A81509}"
EndProject
Global
	GlobalSection(SolutionConfigurationPlatforms) = preSolution
		Debug|Any CPU = Debug|Any CPU
		Release|Any CPU = Release|Any CPU
	EndGlobalSection
	GlobalSection(ProjectConfigurationPlatforms) = postSolution
		{FCDDB66A-38D0-4E0B-A0B8-FA3B9B0125E1}.Debug|Any CPU.ActiveCfg = Debug|Any CPU
		{FCDDB66A-38D0-4E0B-A0B8-FA3B9B0125E1}.Debug|Any CPU.Build.0 = Debug|Any CPU
		{FCDDB66A-38D0-4E0B-A0B8-FA3B9B0125E1}.Release|Any CPU.ActiveCfg = Release|Any CPU
		{FCDDB66A-38D0-4E0B-A0B8-FA3B9B0125E1}.Release|Any CPU.Build.0 = Release|Any CPU
		{37C3FDAA-3915-4EB0-AE5A-759685FA497B}.Debug|Any CPU.ActiveCfg = Debug|Any CPU
		{37C3FDAA-3915-4EB0-AE5A-759685FA497B}.Debug|Any CPU.Build.0 = Debug|Any CPU
		{37C3FDAA-3915-4EB0-AE5A-759685FA497B}.Release|Any CPU.ActiveCfg = Release|Any CPU
		{37C3FDAA-3915-4EB0-AE5A-759685FA497B}.Release|Any CPU.Build.0 = Release|Any CPU
		{5F0E42E5-6B38-4631-B716-AC8C854506CC}.Debug|Any CPU.ActiveCfg = Debug|Any CPU
		{5F0E42E5-6B38-4631-B716-AC8C854506CC}.Debug|Any CPU.Build.0 = Debug|Any CPU
		{5F0E42E5-6B38-4631-B716-AC8C854506CC}.Release|Any CPU.ActiveCfg = Release|Any CPU
		{5F0E42E5-6B38-4631-B716-AC8C854506CC}.Release|Any CPU.Build.0 = Release|Any CPU
		{BD26A5CF-D59B-4937-B8CC-84AB71A81509}.Debug|Any CPU.ActiveCfg = Debug|Any CPU
		{BD26A5CF-D59B-4937-B8CC-84AB71A81509}.Debug|Any CPU.Build.0 = Debug|Any CPU
		{BD26A5CF-D59B-4937-B8CC-84AB71A81509}.Release|Any CPU.ActiveCfg = Release|Any CPU
		{BD26A5CF-D59B-4937-B8CC-84AB71A81509}.Release|Any CPU.Build.0 = Release|Any CPU
	EndGlobalSection
	GlobalSection(SolutionProperties) = preSolution
		HideSolutionNode = FALSE
	EndGlobalSection
	GlobalSection(ExtensibilityGlobals) = postSolution
		SolutionGuid = {B412E50C-834F-4879-8827-DE78A4B3D99F}
	EndGlobalSection
EndGlobal
